
Microsoft Visual Studio Solution File, Format Version 12.00
# Visual Studio 14
VisualStudioVersion = 14.0.25420.1
MinimumVisualStudioVersion = 10.0.40219.1
Project("{FAE04EC0-301F-11D3-BF4B-00C04F79EFBC}") = "入门1", "入门1\入门1.csproj", "{F181A584-01CA-4FF7-99FE-C97054464BAA}"
EndProject
Project("{FAE04EC0-301F-11D3-BF4B-00C04F79EFBC}") = "布尔运算", "布尔运算\布尔运算.csproj", "{A9925BBB-8051-41D0-9D6F-14DCAAC6EED9}"
EndProject
Project("{FAE04EC0-301F-11D3-BF4B-00C04F79EFBC}") = "Goto", "Goto\Goto.csproj", "{0A0F1039-0F43-4AB4-9C3F-3D99E708A04B}"
EndProject
Project("{FAE04EC0-301F-11D3-BF4B-00C04F79EFBC}") = "三元运算符", "三元运算符\三元运算符.csproj", "{09736507-70CA-422B-B9E5-3AE2094E9DCE}"
EndProject
Project("{FAE04EC0-301F-11D3-BF4B-00C04F79EFBC}") = "if语句", "if语句\if语句.csproj", "{4A4AC1F1-6FAA-4610-8539-0C73286B8BD7}"
EndProject
Project("{FAE04EC0-301F-11D3-BF4B-00C04F79EFBC}") = "swich语句", "swich语句\swich语句.csproj", "{26B4542D-3363-45D3-987D-AB355566FEAD}"
EndProject
Project("{FAE04EC0-301F-11D3-BF4B-00C04F79EFBC}") = "do循环", "do循环\do循环.csproj", "{44C18CDF-E801-4E64-9793-2A19E8E04564}"
EndProject
Project("{FAE04EC0-301F-11D3-BF4B-00C04F79EFBC}") = "while循环", "while循环\while循环.csproj", "{7DB5B13E-32F5-494B-98ED-7BD90EABE139}"
EndProject
Project("{FAE04EC0-301F-11D3-BF4B-00C04F79EFBC}") = "for循环", "for循环\for循环.csproj", "{7AE8F1B6-D26E-4446-A7DB-D7586A467019}"
EndProject
Project("{FAE04EC0-301F-11D3-BF4B-00C04F79EFBC}") = "循环中断", "循环中断\循环中断.csproj", "{4A8CB529-D273-4DB2-A051-C745AF00340E}"
EndProject
Project("{FAE04EC0-301F-11D3-BF4B-00C04F79EFBC}") = "练习4", "练习4\练习4.csproj", "{774C7FA2-C0AB-4C0F-A79C-79724D43065C}"
EndProject
Project("{FAE04EC0-301F-11D3-BF4B-00C04F79EFBC}") = "面向对象入门01", "面向对象入门01\面向对象入门01.csproj", "{BDFE7215-56E5-4419-98D9-36A274E79FA4}"
EndProject
Project("{FAE04EC0-301F-11D3-BF4B-00C04F79EFBC}") = "WPF入门", "WPF入门\WPF入门.csproj", "{D83902FA-7D0A-4BF2-ACDA-356FBDE170A5}"
EndProject
Project("{FAE04EC0-301F-11D3-BF4B-00C04F79EFBC}") = "09定义类", "09定义类\09定义类.csproj", "{61FB4004-1A09-46D1-9FFE-9C3C1874B4C1}"
EndProject
Project("{FAE04EC0-301F-11D3-BF4B-00C04F79EFBC}") = "09定义类_EX01", "09定义类_EX01\09定义类_EX01.csproj", "{DEE6B355-8EC0-450D-B188-7245BE4C7B31}"
EndProject
Project("{FAE04EC0-301F-11D3-BF4B-00C04F79EFBC}") = "Ch09ClassLib", "Ch09ClassLib\Ch09ClassLib.csproj", "{D4EE11C7-393E-4A91-95F0-93241CFED816}"
EndProject
Project("{FAE04EC0-301F-11D3-BF4B-00C04F79EFBC}") = "10定义类成员", "10定义类成员\10定义类成员.csproj", "{52C15F44-F9FD-4C12-A820-EC5F393A96D4}"
EndProject
Project("{FAE04EC0-301F-11D3-BF4B-00C04F79EFBC}") = "10接口的实现", "10接口的实现\10接口的实现.csproj", "{B69142E6-DA75-4EBC-AE7D-2FE956BCAFB1}"
EndProject
Project("{FAE04EC0-301F-11D3-BF4B-00C04F79EFBC}") = "10部分类定义", "10部分类定义\10部分类定义.csproj", "{0ACD3DB5-FE4D-4754-B13C-546B4CAE7589}"
EndProject
Project("{FAE04EC0-301F-11D3-BF4B-00C04F79EFBC}") = "部分类定义分析", "部分类定义分析\部分类定义分析.csproj", "{5F8879A1-499F-48A0-8B41-3C646377334A}"
EndProject
Project("{FAE04EC0-301F-11D3-BF4B-00C04F79EFBC}") = "10部分方法定义", "10部分方法定义\10部分方法定义.csproj", "{E5225E05-D3F5-491D-AFB0-B45BC3F39A28}"
EndProject
Project("{FAE04EC0-301F-11D3-BF4B-00C04F79EFBC}") = "10CardLib", "10CardLib\10CardLib.csproj", "{B1DAC539-F06E-4292-A915-40849F75119D}"
EndProject
Project("{FAE04EC0-301F-11D3-BF4B-00C04F79EFBC}") = "10DemoClinic", "10DemoClinic\10DemoClinic.csproj", "{B91FC2BA-6653-4BDE-8447-3297396FC1AE}"
EndProject
Project("{FAE04EC0-301F-11D3-BF4B-00C04F79EFBC}") = "11集合-比较-转换", "11集合-比较-转换\11集合-比较-转换.csproj", "{9CD38568-6906-47C7-9CB0-F540F4F91A42}"
EndProject
Project("{FAE04EC0-301F-11D3-BF4B-00C04F79EFBC}") = "11数组和高级集合", "11数组和高级集合\11数组和高级集合.csproj", "{6370EAFC-EB29-40C6-9C17-72B7370867B7}"
EndProject
Project("{FAE04EC0-301F-11D3-BF4B-00C04F79EFBC}") = "11Ch01", "11Ch01\11Ch01.csproj", "{C42DDF51-8CFE-49F8-8A69-115BA834D445}"
EndProject
Project("{FAE04EC0-301F-11D3-BF4B-00C04F79EFBC}") = "11定义集合", "11定义集合\11定义集合.csproj", "{B5A09138-B1C9-4219-9FD0-00839E52CE51}"
EndProject
Project("{FAE04EC0-301F-11D3-BF4B-00C04F79EFBC}") = "11实现一个Animals集合", "11实现一个Animals集合\11实现一个Animals集合.csproj", "{584AF35C-D3E9-47D5-85E6-861123BB687B}"
EndProject
Project("{FAE04EC0-301F-11D3-BF4B-00C04F79EFBC}") = "11CardLib", "11CardLib\11CardLib.csproj", "{FD0350E6-E11E-4639-B0D0-1177FEF7E925}"
EndProject
Project("{FAE04EC0-301F-11D3-BF4B-00C04F79EFBC}") = "11关键字值集合和IDictionary", "11关键字值集合和IDictionary\11关键字值集合和IDictionary.csproj", "{95C630CD-17D5-45EC-B0C0-BC1B7ECA9367}"
EndProject
Project("{FAE04EC0-301F-11D3-BF4B-00C04F79EFBC}") = "11迭代器", "11迭代器\11迭代器.csproj", "{D0AC81E5-890D-4EB4-84BC-E00BA6CDB585}"
EndProject
Project("{FAE04EC0-301F-11D3-BF4B-00C04F79EFBC}") = "11深复制", "11深复制\11深复制.csproj", "{517D9C5A-F5E7-4604-8BB0-1EA07129B31D}"
EndProject
Project("{FAE04EC0-301F-11D3-BF4B-00C04F79EFBC}") = "11封箱拆箱", "11封箱拆箱\11封箱拆箱.csproj", "{D3B65E6C-242B-409A-95AA-FC4F30B7D942}"
EndProject
Project("{FAE04EC0-301F-11D3-BF4B-00C04F79EFBC}") = "11is运算符", "11is运算符\11is运算符.csproj", "{94FB8A92-DA2F-4DA0-AE4E-4105228D1742}"
EndProject
Project("{FAE04EC0-301F-11D3-BF4B-00C04F79EFBC}") = "11运算符重载", "11运算符重载\11运算符重载.csproj", "{2A866A32-9DD8-438B-8C90-7D716CE41269}"
EndProject
Project("{FAE04EC0-301F-11D3-BF4B-00C04F79EFBC}") = "11集合排序", "11集合排序\11集合排序.csproj", "{3BFD23B2-AA19-4520-A54B-26DBF90F6788}"
EndProject
Project("{FAE04EC0-301F-11D3-BF4B-00C04F79EFBC}") = "11转换", "11转换\11转换.csproj", "{B5A01FC5-CBF8-4C35-BEA1-D8A5590D20BE}"
EndProject
Project("{FAE04EC0-301F-11D3-BF4B-00C04F79EFBC}") = "12泛型", "12泛型\12泛型.csproj", "{EE210245-A78C-47A5-95C9-FBF10A358A49}"
EndProject
Project("{FAE04EC0-301F-11D3-BF4B-00C04F79EFBC}") = "12可空类型", "12可空类型\12可空类型.csproj", "{0224A8BD-7112-43C1-9978-3EF52FFECA4E}"
EndProject
Project("{FAE04EC0-301F-11D3-BF4B-00C04F79EFBC}") = "12使用List_T", "12使用List_T\12使用List_T.csproj", "{1E15F566-9F71-41B9-B698-9449B3D36162}"
EndProject
Project("{FAE04EC0-301F-11D3-BF4B-00C04F79EFBC}") = "12List_T搜索和排序", "12List_T搜索和排序\12List_T搜索和排序.csproj", "{6961E212-741B-4D5F-BB24-7FD5C889BF9C}"
EndProject
Project("{FAE04EC0-301F-11D3-BF4B-00C04F79EFBC}") = "12定义泛型类", "12定义泛型类\12定义泛型类.csproj", "{FFB1B244-7059-460B-9E0B-B43B927C3057}"
EndProject
Project("{FAE04EC0-301F-11D3-BF4B-00C04F79EFBC}") = "13其他OOP技术", "13其他OOP技术\13其他OOP技术.csproj", "{D8EBB2AC-E3F5-444E-9715-370A6AA34D7B}"
EndProject
Global
	GlobalSection(SolutionConfigurationPlatforms) = preSolution
		Debug|Any CPU = Debug|Any CPU
		Release|Any CPU = Release|Any CPU
	EndGlobalSection
	GlobalSection(ProjectConfigurationPlatforms) = postSolution
		{F181A584-01CA-4FF7-99FE-C97054464BAA}.Debug|Any CPU.ActiveCfg = Debug|Any CPU
		{F181A584-01CA-4FF7-99FE-C97054464BAA}.Debug|Any CPU.Build.0 = Debug|Any CPU
		{F181A584-01CA-4FF7-99FE-C97054464BAA}.Release|Any CPU.ActiveCfg = Release|Any CPU
		{F181A584-01CA-4FF7-99FE-C97054464BAA}.Release|Any CPU.Build.0 = Release|Any CPU
		{A9925BBB-8051-41D0-9D6F-14DCAAC6EED9}.Debug|Any CPU.ActiveCfg = Debug|Any CPU
		{A9925BBB-8051-41D0-9D6F-14DCAAC6EED9}.Debug|Any CPU.Build.0 = Debug|Any CPU
		{A9925BBB-8051-41D0-9D6F-14DCAAC6EED9}.Release|Any CPU.ActiveCfg = Release|Any CPU
		{A9925BBB-8051-41D0-9D6F-14DCAAC6EED9}.Release|Any CPU.Build.0 = Release|Any CPU
		{0A0F1039-0F43-4AB4-9C3F-3D99E708A04B}.Debug|Any CPU.ActiveCfg = Debug|Any CPU
		{0A0F1039-0F43-4AB4-9C3F-3D99E708A04B}.Debug|Any CPU.Build.0 = Debug|Any CPU
		{0A0F1039-0F43-4AB4-9C3F-3D99E708A04B}.Release|Any CPU.ActiveCfg = Release|Any CPU
		{0A0F1039-0F43-4AB4-9C3F-3D99E708A04B}.Release|Any CPU.Build.0 = Release|Any CPU
		{09736507-70CA-422B-B9E5-3AE2094E9DCE}.Debug|Any CPU.ActiveCfg = Debug|Any CPU
		{09736507-70CA-422B-B9E5-3AE2094E9DCE}.Debug|Any CPU.Build.0 = Debug|Any CPU
		{09736507-70CA-422B-B9E5-3AE2094E9DCE}.Release|Any CPU.ActiveCfg = Release|Any CPU
		{09736507-70CA-422B-B9E5-3AE2094E9DCE}.Release|Any CPU.Build.0 = Release|Any CPU
		{4A4AC1F1-6FAA-4610-8539-0C73286B8BD7}.Debug|Any CPU.ActiveCfg = Debug|Any CPU
		{4A4AC1F1-6FAA-4610-8539-0C73286B8BD7}.Debug|Any CPU.Build.0 = Debug|Any CPU
		{4A4AC1F1-6FAA-4610-8539-0C73286B8BD7}.Release|Any CPU.ActiveCfg = Release|Any CPU
		{4A4AC1F1-6FAA-4610-8539-0C73286B8BD7}.Release|Any CPU.Build.0 = Release|Any CPU
		{26B4542D-3363-45D3-987D-AB355566FEAD}.Debug|Any CPU.ActiveCfg = Debug|Any CPU
		{26B4542D-3363-45D3-987D-AB355566FEAD}.Debug|Any CPU.Build.0 = Debug|Any CPU
		{26B4542D-3363-45D3-987D-AB355566FEAD}.Release|Any CPU.ActiveCfg = Release|Any CPU
		{26B4542D-3363-45D3-987D-AB355566FEAD}.Release|Any CPU.Build.0 = Release|Any CPU
		{44C18CDF-E801-4E64-9793-2A19E8E04564}.Debug|Any CPU.ActiveCfg = Debug|Any CPU
		{44C18CDF-E801-4E64-9793-2A19E8E04564}.Debug|Any CPU.Build.0 = Debug|Any CPU
		{44C18CDF-E801-4E64-9793-2A19E8E04564}.Release|Any CPU.ActiveCfg = Release|Any CPU
		{44C18CDF-E801-4E64-9793-2A19E8E04564}.Release|Any CPU.Build.0 = Release|Any CPU
		{7DB5B13E-32F5-494B-98ED-7BD90EABE139}.Debug|Any CPU.ActiveCfg = Debug|Any CPU
		{7DB5B13E-32F5-494B-98ED-7BD90EABE139}.Debug|Any CPU.Build.0 = Debug|Any CPU
		{7DB5B13E-32F5-494B-98ED-7BD90EABE139}.Release|Any CPU.ActiveCfg = Release|Any CPU
		{7DB5B13E-32F5-494B-98ED-7BD90EABE139}.Release|Any CPU.Build.0 = Release|Any CPU
		{7AE8F1B6-D26E-4446-A7DB-D7586A467019}.Debug|Any CPU.ActiveCfg = Debug|Any CPU
		{7AE8F1B6-D26E-4446-A7DB-D7586A467019}.Debug|Any CPU.Build.0 = Debug|Any CPU
		{7AE8F1B6-D26E-4446-A7DB-D7586A467019}.Release|Any CPU.ActiveCfg = Release|Any CPU
		{7AE8F1B6-D26E-4446-A7DB-D7586A467019}.Release|Any CPU.Build.0 = Release|Any CPU
		{4A8CB529-D273-4DB2-A051-C745AF00340E}.Debug|Any CPU.ActiveCfg = Debug|Any CPU
		{4A8CB529-D273-4DB2-A051-C745AF00340E}.Debug|Any CPU.Build.0 = Debug|Any CPU
		{4A8CB529-D273-4DB2-A051-C745AF00340E}.Release|Any CPU.ActiveCfg = Release|Any CPU
		{4A8CB529-D273-4DB2-A051-C745AF00340E}.Release|Any CPU.Build.0 = Release|Any CPU
		{774C7FA2-C0AB-4C0F-A79C-79724D43065C}.Debug|Any CPU.ActiveCfg = Debug|Any CPU
		{774C7FA2-C0AB-4C0F-A79C-79724D43065C}.Debug|Any CPU.Build.0 = Debug|Any CPU
		{774C7FA2-C0AB-4C0F-A79C-79724D43065C}.Release|Any CPU.ActiveCfg = Release|Any CPU
		{774C7FA2-C0AB-4C0F-A79C-79724D43065C}.Release|Any CPU.Build.0 = Release|Any CPU
		{BDFE7215-56E5-4419-98D9-36A274E79FA4}.Debug|Any CPU.ActiveCfg = Debug|Any CPU
		{BDFE7215-56E5-4419-98D9-36A274E79FA4}.Debug|Any CPU.Build.0 = Debug|Any CPU
		{BDFE7215-56E5-4419-98D9-36A274E79FA4}.Release|Any CPU.ActiveCfg = Release|Any CPU
		{BDFE7215-56E5-4419-98D9-36A274E79FA4}.Release|Any CPU.Build.0 = Release|Any CPU
		{D83902FA-7D0A-4BF2-ACDA-356FBDE170A5}.Debug|Any CPU.ActiveCfg = Debug|Any CPU
		{D83902FA-7D0A-4BF2-ACDA-356FBDE170A5}.Debug|Any CPU.Build.0 = Debug|Any CPU
		{D83902FA-7D0A-4BF2-ACDA-356FBDE170A5}.Release|Any CPU.ActiveCfg = Release|Any CPU
		{D83902FA-7D0A-4BF2-ACDA-356FBDE170A5}.Release|Any CPU.Build.0 = Release|Any CPU
		{61FB4004-1A09-46D1-9FFE-9C3C1874B4C1}.Debug|Any CPU.ActiveCfg = Debug|Any CPU
		{61FB4004-1A09-46D1-9FFE-9C3C1874B4C1}.Debug|Any CPU.Build.0 = Debug|Any CPU
		{61FB4004-1A09-46D1-9FFE-9C3C1874B4C1}.Release|Any CPU.ActiveCfg = Release|Any CPU
		{61FB4004-1A09-46D1-9FFE-9C3C1874B4C1}.Release|Any CPU.Build.0 = Release|Any CPU
		{DEE6B355-8EC0-450D-B188-7245BE4C7B31}.Debug|Any CPU.ActiveCfg = Debug|Any CPU
		{DEE6B355-8EC0-450D-B188-7245BE4C7B31}.Debug|Any CPU.Build.0 = Debug|Any CPU
		{DEE6B355-8EC0-450D-B188-7245BE4C7B31}.Release|Any CPU.ActiveCfg = Release|Any CPU
		{DEE6B355-8EC0-450D-B188-7245BE4C7B31}.Release|Any CPU.Build.0 = Release|Any CPU
		{D4EE11C7-393E-4A91-95F0-93241CFED816}.Debug|Any CPU.ActiveCfg = Debug|Any CPU
		{D4EE11C7-393E-4A91-95F0-93241CFED816}.Debug|Any CPU.Build.0 = Debug|Any CPU
		{D4EE11C7-393E-4A91-95F0-93241CFED816}.Release|Any CPU.ActiveCfg = Release|Any CPU
		{D4EE11C7-393E-4A91-95F0-93241CFED816}.Release|Any CPU.Build.0 = Release|Any CPU
		{52C15F44-F9FD-4C12-A820-EC5F393A96D4}.Debug|Any CPU.ActiveCfg = Debug|Any CPU
		{52C15F44-F9FD-4C12-A820-EC5F393A96D4}.Debug|Any CPU.Build.0 = Debug|Any CPU
		{52C15F44-F9FD-4C12-A820-EC5F393A96D4}.Release|Any CPU.ActiveCfg = Release|Any CPU
		{52C15F44-F9FD-4C12-A820-EC5F393A96D4}.Release|Any CPU.Build.0 = Release|Any CPU
		{B69142E6-DA75-4EBC-AE7D-2FE956BCAFB1}.Debug|Any CPU.ActiveCfg = Debug|Any CPU
		{B69142E6-DA75-4EBC-AE7D-2FE956BCAFB1}.Debug|Any CPU.Build.0 = Debug|Any CPU
		{B69142E6-DA75-4EBC-AE7D-2FE956BCAFB1}.Release|Any CPU.ActiveCfg = Release|Any CPU
		{B69142E6-DA75-4EBC-AE7D-2FE956BCAFB1}.Release|Any CPU.Build.0 = Release|Any CPU
		{0ACD3DB5-FE4D-4754-B13C-546B4CAE7589}.Debug|Any CPU.ActiveCfg = Debug|Any CPU
		{0ACD3DB5-FE4D-4754-B13C-546B4CAE7589}.Debug|Any CPU.Build.0 = Debug|Any CPU
		{0ACD3DB5-FE4D-4754-B13C-546B4CAE7589}.Release|Any CPU.ActiveCfg = Release|Any CPU
		{0ACD3DB5-FE4D-4754-B13C-546B4CAE7589}.Release|Any CPU.Build.0 = Release|Any CPU
		{5F8879A1-499F-48A0-8B41-3C646377334A}.Debug|Any CPU.ActiveCfg = Debug|Any CPU
		{5F8879A1-499F-48A0-8B41-3C646377334A}.Debug|Any CPU.Build.0 = Debug|Any CPU
		{5F8879A1-499F-48A0-8B41-3C646377334A}.Release|Any CPU.ActiveCfg = Release|Any CPU
		{5F8879A1-499F-48A0-8B41-3C646377334A}.Release|Any CPU.Build.0 = Release|Any CPU
		{E5225E05-D3F5-491D-AFB0-B45BC3F39A28}.Debug|Any CPU.ActiveCfg = Debug|Any CPU
		{E5225E05-D3F5-491D-AFB0-B45BC3F39A28}.Debug|Any CPU.Build.0 = Debug|Any CPU
		{E5225E05-D3F5-491D-AFB0-B45BC3F39A28}.Release|Any CPU.ActiveCfg = Release|Any CPU
		{E5225E05-D3F5-491D-AFB0-B45BC3F39A28}.Release|Any CPU.Build.0 = Release|Any CPU
		{B1DAC539-F06E-4292-A915-40849F75119D}.Debug|Any CPU.ActiveCfg = Debug|Any CPU
		{B1DAC539-F06E-4292-A915-40849F75119D}.Debug|Any CPU.Build.0 = Debug|Any CPU
		{B1DAC539-F06E-4292-A915-40849F75119D}.Release|Any CPU.ActiveCfg = Release|Any CPU
		{B1DAC539-F06E-4292-A915-40849F75119D}.Release|Any CPU.Build.0 = Release|Any CPU
		{B91FC2BA-6653-4BDE-8447-3297396FC1AE}.Debug|Any CPU.ActiveCfg = Debug|Any CPU
		{B91FC2BA-6653-4BDE-8447-3297396FC1AE}.Debug|Any CPU.Build.0 = Debug|Any CPU
		{B91FC2BA-6653-4BDE-8447-3297396FC1AE}.Release|Any CPU.ActiveCfg = Release|Any CPU
		{B91FC2BA-6653-4BDE-8447-3297396FC1AE}.Release|Any CPU.Build.0 = Release|Any CPU
		{9CD38568-6906-47C7-9CB0-F540F4F91A42}.Debug|Any CPU.ActiveCfg = Debug|Any CPU
		{9CD38568-6906-47C7-9CB0-F540F4F91A42}.Debug|Any CPU.Build.0 = Debug|Any CPU
		{9CD38568-6906-47C7-9CB0-F540F4F91A42}.Release|Any CPU.ActiveCfg = Release|Any CPU
		{9CD38568-6906-47C7-9CB0-F540F4F91A42}.Release|Any CPU.Build.0 = Release|Any CPU
		{6370EAFC-EB29-40C6-9C17-72B7370867B7}.Debug|Any CPU.ActiveCfg = Debug|Any CPU
		{6370EAFC-EB29-40C6-9C17-72B7370867B7}.Debug|Any CPU.Build.0 = Debug|Any CPU
		{6370EAFC-EB29-40C6-9C17-72B7370867B7}.Release|Any CPU.ActiveCfg = Release|Any CPU
		{6370EAFC-EB29-40C6-9C17-72B7370867B7}.Release|Any CPU.Build.0 = Release|Any CPU
		{C42DDF51-8CFE-49F8-8A69-115BA834D445}.Debug|Any CPU.ActiveCfg = Debug|Any CPU
		{C42DDF51-8CFE-49F8-8A69-115BA834D445}.Debug|Any CPU.Build.0 = Debug|Any CPU
		{C42DDF51-8CFE-49F8-8A69-115BA834D445}.Release|Any CPU.ActiveCfg = Release|Any CPU
		{C42DDF51-8CFE-49F8-8A69-115BA834D445}.Release|Any CPU.Build.0 = Release|Any CPU
		{B5A09138-B1C9-4219-9FD0-00839E52CE51}.Debug|Any CPU.ActiveCfg = Debug|Any CPU
		{B5A09138-B1C9-4219-9FD0-00839E52CE51}.Debug|Any CPU.Build.0 = Debug|Any CPU
		{B5A09138-B1C9-4219-9FD0-00839E52CE51}.Release|Any CPU.ActiveCfg = Release|Any CPU
		{B5A09138-B1C9-4219-9FD0-00839E52CE51}.Release|Any CPU.Build.0 = Release|Any CPU
		{584AF35C-D3E9-47D5-85E6-861123BB687B}.Debug|Any CPU.ActiveCfg = Debug|Any CPU
		{584AF35C-D3E9-47D5-85E6-861123BB687B}.Debug|Any CPU.Build.0 = Debug|Any CPU
		{584AF35C-D3E9-47D5-85E6-861123BB687B}.Release|Any CPU.ActiveCfg = Release|Any CPU
		{584AF35C-D3E9-47D5-85E6-861123BB687B}.Release|Any CPU.Build.0 = Release|Any CPU
		{FD0350E6-E11E-4639-B0D0-1177FEF7E925}.Debug|Any CPU.ActiveCfg = Debug|Any CPU
		{FD0350E6-E11E-4639-B0D0-1177FEF7E925}.Debug|Any CPU.Build.0 = Debug|Any CPU
		{FD0350E6-E11E-4639-B0D0-1177FEF7E925}.Release|Any CPU.ActiveCfg = Release|Any CPU
		{FD0350E6-E11E-4639-B0D0-1177FEF7E925}.Release|Any CPU.Build.0 = Release|Any CPU
		{95C630CD-17D5-45EC-B0C0-BC1B7ECA9367}.Debug|Any CPU.ActiveCfg = Debug|Any CPU
		{95C630CD-17D5-45EC-B0C0-BC1B7ECA9367}.Debug|Any CPU.Build.0 = Debug|Any CPU
		{95C630CD-17D5-45EC-B0C0-BC1B7ECA9367}.Release|Any CPU.ActiveCfg = Release|Any CPU
		{95C630CD-17D5-45EC-B0C0-BC1B7ECA9367}.Release|Any CPU.Build.0 = Release|Any CPU
		{D0AC81E5-890D-4EB4-84BC-E00BA6CDB585}.Debug|Any CPU.ActiveCfg = Debug|Any CPU
		{D0AC81E5-890D-4EB4-84BC-E00BA6CDB585}.Debug|Any CPU.Build.0 = Debug|Any CPU
		{D0AC81E5-890D-4EB4-84BC-E00BA6CDB585}.Release|Any CPU.ActiveCfg = Release|Any CPU
		{D0AC81E5-890D-4EB4-84BC-E00BA6CDB585}.Release|Any CPU.Build.0 = Release|Any CPU
		{517D9C5A-F5E7-4604-8BB0-1EA07129B31D}.Debug|Any CPU.ActiveCfg = Debug|Any CPU
		{517D9C5A-F5E7-4604-8BB0-1EA07129B31D}.Debug|Any CPU.Build.0 = Debug|Any CPU
		{517D9C5A-F5E7-4604-8BB0-1EA07129B31D}.Release|Any CPU.ActiveCfg = Release|Any CPU
		{517D9C5A-F5E7-4604-8BB0-1EA07129B31D}.Release|Any CPU.Build.0 = Release|Any CPU
		{D3B65E6C-242B-409A-95AA-FC4F30B7D942}.Debug|Any CPU.ActiveCfg = Debug|Any CPU
		{D3B65E6C-242B-409A-95AA-FC4F30B7D942}.Debug|Any CPU.Build.0 = Debug|Any CPU
		{D3B65E6C-242B-409A-95AA-FC4F30B7D942}.Release|Any CPU.ActiveCfg = Release|Any CPU
		{D3B65E6C-242B-409A-95AA-FC4F30B7D942}.Release|Any CPU.Build.0 = Release|Any CPU
		{94FB8A92-DA2F-4DA0-AE4E-4105228D1742}.Debug|Any CPU.ActiveCfg = Debug|Any CPU
		{94FB8A92-DA2F-4DA0-AE4E-4105228D1742}.Debug|Any CPU.Build.0 = Debug|Any CPU
		{94FB8A92-DA2F-4DA0-AE4E-4105228D1742}.Release|Any CPU.ActiveCfg = Release|Any CPU
		{94FB8A92-DA2F-4DA0-AE4E-4105228D1742}.Release|Any CPU.Build.0 = Release|Any CPU
		{2A866A32-9DD8-438B-8C90-7D716CE41269}.Debug|Any CPU.ActiveCfg = Debug|Any CPU
		{2A866A32-9DD8-438B-8C90-7D716CE41269}.Debug|Any CPU.Build.0 = Debug|Any CPU
		{2A866A32-9DD8-438B-8C90-7D716CE41269}.Release|Any CPU.ActiveCfg = Release|Any CPU
		{2A866A32-9DD8-438B-8C90-7D716CE41269}.Release|Any CPU.Build.0 = Release|Any CPU
		{3BFD23B2-AA19-4520-A54B-26DBF90F6788}.Debug|Any CPU.ActiveCfg = Debug|Any CPU
		{3BFD23B2-AA19-4520-A54B-26DBF90F6788}.Debug|Any CPU.Build.0 = Debug|Any CPU
		{3BFD23B2-AA19-4520-A54B-26DBF90F6788}.Release|Any CPU.ActiveCfg = Release|Any CPU
		{3BFD23B2-AA19-4520-A54B-26DBF90F6788}.Release|Any CPU.Build.0 = Release|Any CPU
		{B5A01FC5-CBF8-4C35-BEA1-D8A5590D20BE}.Debug|Any CPU.ActiveCfg = Debug|Any CPU
		{B5A01FC5-CBF8-4C35-BEA1-D8A5590D20BE}.Debug|Any CPU.Build.0 = Debug|Any CPU
		{B5A01FC5-CBF8-4C35-BEA1-D8A5590D20BE}.Release|Any CPU.ActiveCfg = Release|Any CPU
		{B5A01FC5-CBF8-4C35-BEA1-D8A5590D20BE}.Release|Any CPU.Build.0 = Release|Any CPU
		{EE210245-A78C-47A5-95C9-FBF10A358A49}.Debug|Any CPU.ActiveCfg = Debug|Any CPU
		{EE210245-A78C-47A5-95C9-FBF10A358A49}.Debug|Any CPU.Build.0 = Debug|Any CPU
		{EE210245-A78C-47A5-95C9-FBF10A358A49}.Release|Any CPU.ActiveCfg = Release|Any CPU
		{EE210245-A78C-47A5-95C9-FBF10A358A49}.Release|Any CPU.Build.0 = Release|Any CPU
		{0224A8BD-7112-43C1-9978-3EF52FFECA4E}.Debug|Any CPU.ActiveCfg = Debug|Any CPU
		{0224A8BD-7112-43C1-9978-3EF52FFECA4E}.Debug|Any CPU.Build.0 = Debug|Any CPU
		{0224A8BD-7112-43C1-9978-3EF52FFECA4E}.Release|Any CPU.ActiveCfg = Release|Any CPU
		{0224A8BD-7112-43C1-9978-3EF52FFECA4E}.Release|Any CPU.Build.0 = Release|Any CPU
		{1E15F566-9F71-41B9-B698-9449B3D36162}.Debug|Any CPU.ActiveCfg = Debug|Any CPU
		{1E15F566-9F71-41B9-B698-9449B3D36162}.Debug|Any CPU.Build.0 = Debug|Any CPU
		{1E15F566-9F71-41B9-B698-9449B3D36162}.Release|Any CPU.ActiveCfg = Release|Any CPU
		{1E15F566-9F71-41B9-B698-9449B3D36162}.Release|Any CPU.Build.0 = Release|Any CPU
		{6961E212-741B-4D5F-BB24-7FD5C889BF9C}.Debug|Any CPU.ActiveCfg = Debug|Any CPU
		{6961E212-741B-4D5F-BB24-7FD5C889BF9C}.Debug|Any CPU.Build.0 = Debug|Any CPU
		{6961E212-741B-4D5F-BB24-7FD5C889BF9C}.Release|Any CPU.ActiveCfg = Release|Any CPU
		{6961E212-741B-4D5F-BB24-7FD5C889BF9C}.Release|Any CPU.Build.0 = Release|Any CPU
		{FFB1B244-7059-460B-9E0B-B43B927C3057}.Debug|Any CPU.ActiveCfg = Debug|Any CPU
		{FFB1B244-7059-460B-9E0B-B43B927C3057}.Debug|Any CPU.Build.0 = Debug|Any CPU
		{FFB1B244-7059-460B-9E0B-B43B927C3057}.Release|Any CPU.ActiveCfg = Release|Any CPU
		{FFB1B244-7059-460B-9E0B-B43B927C3057}.Release|Any CPU.Build.0 = Release|Any CPU
		{D8EBB2AC-E3F5-444E-9715-370A6AA34D7B}.Debug|Any CPU.ActiveCfg = Debug|Any CPU
		{D8EBB2AC-E3F5-444E-9715-370A6AA34D7B}.Debug|Any CPU.Build.0 = Debug|Any CPU
		{D8EBB2AC-E3F5-444E-9715-370A6AA34D7B}.Release|Any CPU.ActiveCfg = Release|Any CPU
		{D8EBB2AC-E3F5-444E-9715-370A6AA34D7B}.Release|Any CPU.Build.0 = Release|Any CPU
	EndGlobalSection
	GlobalSection(SolutionProperties) = preSolution
		HideSolutionNode = FALSE
	EndGlobalSection
EndGlobal
